// !$*UTF8*$!
{
	archiveVersion = 1;
	classes = {
	};
	objectVersion = 50;
	objects = {

/* Begin PBXBuildFile section */
		B5D9C1772416CB0800EEFA9C /* AppDelegate.swift in Sources */ = {isa = PBXBuildFile; fileRef = B5D9C1762416CB0800EEFA9C /* AppDelegate.swift */; };
		B5D9C1792416CB0800EEFA9C /* SceneDelegate.swift in Sources */ = {isa = PBXBuildFile; fileRef = B5D9C1782416CB0800EEFA9C /* SceneDelegate.swift */; };
		B5D9C17B2416CB0800EEFA9C /* ViewController.swift in Sources */ = {isa = PBXBuildFile; fileRef = B5D9C17A2416CB0800EEFA9C /* ViewController.swift */; };
		B5D9C17E2416CB0900EEFA9C /* Main.storyboard in Resources */ = {isa = PBXBuildFile; fileRef = B5D9C17C2416CB0900EEFA9C /* Main.storyboard */; };
		B5D9C1802416CB0D00EEFA9C /* Assets.xcassets in Resources */ = {isa = PBXBuildFile; fileRef = B5D9C17F2416CB0D00EEFA9C /* Assets.xcassets */; };
		B5D9C1832416CB0D00EEFA9C /* LaunchScreen.storyboard in Resources */ = {isa = PBXBuildFile; fileRef = B5D9C1812416CB0D00EEFA9C /* LaunchScreen.storyboard */; };
		B5D9C18E2416CB0D00EEFA9C /* TapGridTests.swift in Sources */ = {isa = PBXBuildFile; fileRef = B5D9C18D2416CB0D00EEFA9C /* TapGridTests.swift */; };
		B5D9C1992416CB0D00EEFA9C /* TapGridUITests.swift in Sources */ = {isa = PBXBuildFile; fileRef = B5D9C1982416CB0D00EEFA9C /* TapGridUITests.swift */; };
		B5D9C1A72416CC4100EEFA9C /* TapGridView.swift in Sources */ = {isa = PBXBuildFile; fileRef = B5D9C1A62416CC4100EEFA9C /* TapGridView.swift */; };
/* End PBXBuildFile section */

/* Begin PBXContainerItemProxy section */
		B5D9C18A2416CB0D00EEFA9C /* PBXContainerItemProxy */ = {
			isa = PBXContainerItemProxy;
			containerPortal = B5D9C16B2416CB0800EEFA9C /* Project object */;
			proxyType = 1;
			remoteGlobalIDString = B5D9C1722416CB0800EEFA9C;
			remoteInfo = TapGrid;
		};
		B5D9C1952416CB0D00EEFA9C /* PBXContainerItemProxy */ = {
			isa = PBXContainerItemProxy;
			containerPortal = B5D9C16B2416CB0800EEFA9C /* Project object */;
			proxyType = 1;
			remoteGlobalIDString = B5D9C1722416CB0800EEFA9C;
			remoteInfo = TapGrid;
		};
/* End PBXContainerItemProxy section */

/* Begin PBXFileReference section */
		B5D9C1732416CB0800EEFA9C /* TapGrid.app */ = {isa = PBXFileReference; explicitFileType = wrapper.application; includeInIndex = 0; path = TapGrid.app; sourceTree = BUILT_PRODUCTS_DIR; };
		B5D9C1762416CB0800EEFA9C /* AppDelegate.swift */ = {isa = PBXFileReference; lastKnownFileType = sourcecode.swift; path = AppDelegate.swift; sourceTree = "<group>"; };
		B5D9C1782416CB0800EEFA9C /* SceneDelegate.swift */ = {isa = PBXFileReference; lastKnownFileType = sourcecode.swift; path = SceneDelegate.swift; sourceTree = "<group>"; };
		B5D9C17A2416CB0800EEFA9C /* ViewController.swift */ = {isa = PBXFileReference; lastKnownFileType = sourcecode.swift; path = ViewController.swift; sourceTree = "<group>"; };
		B5D9C17D2416CB0900EEFA9C /* Base */ = {isa = PBXFileReference; lastKnownFileType = file.storyboard; name = Base; path = Base.lproj/Main.storyboard; sourceTree = "<group>"; };
		B5D9C17F2416CB0D00EEFA9C /* Assets.xcassets */ = {isa = PBXFileReference; lastKnownFileType = folder.assetcatalog; path = Assets.xcassets; sourceTree = "<group>"; };
		B5D9C1822416CB0D00EEFA9C /* Base */ = {isa = PBXFileReference; lastKnownFileType = file.storyboard; name = Base; path = Base.lproj/LaunchScreen.storyboard; sourceTree = "<group>"; };
		B5D9C1842416CB0D00EEFA9C /* Info.plist */ = {isa = PBXFileReference; lastKnownFileType = text.plist.xml; path = Info.plist; sourceTree = "<group>"; };
		B5D9C1892416CB0D00EEFA9C /* TapGridTests.xctest */ = {isa = PBXFileReference; explicitFileType = wrapper.cfbundle; includeInIndex = 0; path = TapGridTests.xctest; sourceTree = BUILT_PRODUCTS_DIR; };
		B5D9C18D2416CB0D00EEFA9C /* TapGridTests.swift */ = {isa = PBXFileReference; lastKnownFileType = sourcecode.swift; path = TapGridTests.swift; sourceTree = "<group>"; };
		B5D9C18F2416CB0D00EEFA9C /* Info.plist */ = {isa = PBXFileReference; lastKnownFileType = text.plist.xml; path = Info.plist; sourceTree = "<group>"; };
		B5D9C1942416CB0D00EEFA9C /* TapGridUITests.xctest */ = {isa = PBXFileReference; explicitFileType = wrapper.cfbundle; includeInIndex = 0; path = TapGridUITests.xctest; sourceTree = BUILT_PRODUCTS_DIR; };
		B5D9C1982416CB0D00EEFA9C /* TapGridUITests.swift */ = {isa = PBXFileReference; lastKnownFileType = sourcecode.swift; path = TapGridUITests.swift; sourceTree = "<group>"; };
		B5D9C19A2416CB0D00EEFA9C /* Info.plist */ = {isa = PBXFileReference; lastKnownFileType = text.plist.xml; path = Info.plist; sourceTree = "<group>"; };
		B5D9C1A62416CC4100EEFA9C /* TapGridView.swift */ = {isa = PBXFileReference; lastKnownFileType = sourcecode.swift; path = TapGridView.swift; sourceTree = "<group>"; };
/* End PBXFileReference section */

/* Begin PBXFrameworksBuildPhase section */
		B5D9C1702416CB0800EEFA9C /* Frameworks */ = {
			isa = PBXFrameworksBuildPhase;
			buildActionMask = 2147483647;
			files = (
			);
			runOnlyForDeploymentPostprocessing = 0;
		};
		B5D9C1862416CB0D00EEFA9C /* Frameworks */ = {
			isa = PBXFrameworksBuildPhase;
			buildActionMask = 2147483647;
			files = (
			);
			runOnlyForDeploymentPostprocessing = 0;
		};
		B5D9C1912416CB0D00EEFA9C /* Frameworks */ = {
			isa = PBXFrameworksBuildPhase;
			buildActionMask = 2147483647;
			files = (
			);
			runOnlyForDeploymentPostprocessing = 0;
		};
/* End PBXFrameworksBuildPhase section */

/* Begin PBXGroup section */
		B5D9C16A2416CB0800EEFA9C = {
			isa = PBXGroup;
			children = (
				B5D9C1752416CB0800EEFA9C /* TapGrid */,
				B5D9C18C2416CB0D00EEFA9C /* TapGridTests */,
				B5D9C1972416CB0D00EEFA9C /* TapGridUITests */,
				B5D9C1742416CB0800EEFA9C /* Products */,
			);
			sourceTree = "<group>";
		};
		B5D9C1742416CB0800EEFA9C /* Products */ = {
			isa = PBXGroup;
			children = (
				B5D9C1732416CB0800EEFA9C /* TapGrid.app */,
				B5D9C1892416CB0D00EEFA9C /* TapGridTests.xctest */,
				B5D9C1942416CB0D00EEFA9C /* TapGridUITests.xctest */,
			);
			name = Products;
			sourceTree = "<group>";
		};
		B5D9C1752416CB0800EEFA9C /* TapGrid */ = {
			isa = PBXGroup;
			children = (
				B5D9C1762416CB0800EEFA9C /* AppDelegate.swift */,
				B5D9C1782416CB0800EEFA9C /* SceneDelegate.swift */,
				B5D9C17A2416CB0800EEFA9C /* ViewController.swift */,
				B5D9C17C2416CB0900EEFA9C /* Main.storyboard */,
				B5D9C17F2416CB0D00EEFA9C /* Assets.xcassets */,
				B5D9C1812416CB0D00EEFA9C /* LaunchScreen.storyboard */,
				B5D9C1842416CB0D00EEFA9C /* Info.plist */,
				B5D9C1A62416CC4100EEFA9C /* TapGridView.swift */,
			);
			path = TapGrid;
			sourceTree = "<group>";
		};
		B5D9C18C2416CB0D00EEFA9C /* TapGridTests */ = {
			isa = PBXGroup;
			children = (
				B5D9C18D2416CB0D00EEFA9C /* TapGridTests.swift */,
				B5D9C18F2416CB0D00EEFA9C /* Info.plist */,
			);
			path = TapGridTests;
			sourceTree = "<group>";
		};
		B5D9C1972416CB0D00EEFA9C /* TapGridUITests */ = {
			isa = PBXGroup;
			children = (
				B5D9C1982416CB0D00EEFA9C /* TapGridUITests.swift */,
				B5D9C19A2416CB0D00EEFA9C /* Info.plist */,
			);
			path = TapGridUITests;
			sourceTree = "<group>";
		};
/* End PBXGroup section */

/* Begin PBXNativeTarget section */
		B5D9C1722416CB0800EEFA9C /* TapGrid */ = {
			isa = PBXNativeTarget;
			buildConfigurationList = B5D9C19D2416CB0D00EEFA9C /* Build configuration list for PBXNativeTarget "TapGrid" */;
			buildPhases = (
				B5D9C16F2416CB0800EEFA9C /* Sources */,
				B5D9C1702416CB0800EEFA9C /* Frameworks */,
				B5D9C1712416CB0800EEFA9C /* Resources */,
			);
			buildRules = (
			);
			dependencies = (
			);
			name = TapGrid;
			productName = TapGrid;
			productReference = B5D9C1732416CB0800EEFA9C /* TapGrid.app */;
			productType = "com.apple.product-type.application";
		};
		B5D9C1882416CB0D00EEFA9C /* TapGridTests */ = {
			isa = PBXNativeTarget;
			buildConfigurationList = B5D9C1A02416CB0D00EEFA9C /* Build configuration list for PBXNativeTarget "TapGridTests" */;
			buildPhases = (
				B5D9C1852416CB0D00EEFA9C /* Sources */,
				B5D9C1862416CB0D00EEFA9C /* Frameworks */,
				B5D9C1872416CB0D00EEFA9C /* Resources */,
			);
			buildRules = (
			);
			dependencies = (
				B5D9C18B2416CB0D00EEFA9C /* PBXTargetDependency */,
			);
			name = TapGridTests;
			productName = TapGridTests;
			productReference = B5D9C1892416CB0D00EEFA9C /* TapGridTests.xctest */;
			productType = "com.apple.product-type.bundle.unit-test";
		};
		B5D9C1932416CB0D00EEFA9C /* TapGridUITests */ = {
			isa = PBXNativeTarget;
			buildConfigurationList = B5D9C1A32416CB0D00EEFA9C /* Build configuration list for PBXNativeTarget "TapGridUITests" */;
			buildPhases = (
				B5D9C1902416CB0D00EEFA9C /* Sources */,
				B5D9C1912416CB0D00EEFA9C /* Frameworks */,
				B5D9C1922416CB0D00EEFA9C /* Resources */,
			);
			buildRules = (
			);
			dependencies = (
				B5D9C1962416CB0D00EEFA9C /* PBXTargetDependency */,
			);
			name = TapGridUITests;
			productName = TapGridUITests;
			productReference = B5D9C1942416CB0D00EEFA9C /* TapGridUITests.xctest */;
			productType = "com.apple.product-type.bundle.ui-testing";
		};
/* End PBXNativeTarget section */

/* Begin PBXProject section */
		B5D9C16B2416CB0800EEFA9C /* Project object */ = {
			isa = PBXProject;
			attributes = {
				LastSwiftUpdateCheck = 1130;
				LastUpgradeCheck = 1130;
				ORGANIZATIONNAME = "Ben Mikailenko";
				TargetAttributes = {
					B5D9C1722416CB0800EEFA9C = {
						CreatedOnToolsVersion = 11.3.1;
					};
					B5D9C1882416CB0D00EEFA9C = {
						CreatedOnToolsVersion = 11.3.1;
						TestTargetID = B5D9C1722416CB0800EEFA9C;
					};
					B5D9C1932416CB0D00EEFA9C = {
						CreatedOnToolsVersion = 11.3.1;
						TestTargetID = B5D9C1722416CB0800EEFA9C;
					};
				};
			};
			buildConfigurationList = B5D9C16E2416CB0800EEFA9C /* Build configuration list for PBXProject "TapGrid" */;
			compatibilityVersion = "Xcode 9.3";
			developmentRegion = en;
			hasScannedForEncodings = 0;
			knownRegions = (
				en,
				Base,
			);
			mainGroup = B5D9C16A2416CB0800EEFA9C;
			productRefGroup = B5D9C1742416CB0800EEFA9C /* Products */;
			projectDirPath = "";
			projectRoot = "";
			targets = (
				B5D9C1722416CB0800EEFA9C /* TapGrid */,
				B5D9C1882416CB0D00EEFA9C /* TapGridTests */,
				B5D9C1932416CB0D00EEFA9C /* TapGridUITests */,
			);
		};
/* End PBXProject section */

/* Begin PBXResourcesBuildPhase section */
		B5D9C1712416CB0800EEFA9C /* Resources */ = {
			isa = PBXResourcesBuildPhase;
			buildActionMask = 2147483647;
			files = (
				B5D9C1832416CB0D00EEFA9C /* LaunchScreen.storyboard in Resources */,
				B5D9C1802416CB0D00EEFA9C /* Assets.xcassets in Resources */,
				B5D9C17E2416CB0900EEFA9C /* Main.storyboard in Resources */,
			);
			runOnlyForDeploymentPostprocessing = 0;
		};
		B5D9C1872416CB0D00EEFA9C /* Resources */ = {
			isa = PBXResourcesBuildPhase;
			buildActionMask = 2147483647;
			files = (
			);
			runOnlyForDeploymentPostprocessing = 0;
		};
		B5D9C1922416CB0D00EEFA9C /* Resources */ = {
			isa = PBXResourcesBuildPhase;
			buildActionMask = 2147483647;
			files = (
			);
			runOnlyForDeploymentPostprocessing = 0;
		};
/* End PBXResourcesBuildPhase section */

/* Begin PBXSourcesBuildPhase section */
		B5D9C16F2416CB0800EEFA9C /* Sources */ = {
			isa = PBXSourcesBuildPhase;
			buildActionMask = 2147483647;
			files = (
				B5D9C17B2416CB0800EEFA9C /* ViewController.swift in Sources */,
				B5D9C1772416CB0800EEFA9C /* AppDelegate.swift in Sources */,
				B5D9C1A72416CC4100EEFA9C /* TapGridView.swift in Sources */,
				B5D9C1792416CB0800EEFA9C /* SceneDelegate.swift in Sources */,
			);
			runOnlyForDeploymentPostprocessing = 0;
		};
		B5D9C1852416CB0D00EEFA9C /* Sources */ = {
			isa = PBXSourcesBuildPhase;
			buildActionMask = 2147483647;
			files = (
				B5D9C18E2416CB0D00EEFA9C /* TapGridTests.swift in Sources */,
			);
			runOnlyForDeploymentPostprocessing = 0;
		};
		B5D9C1902416CB0D00EEFA9C /* Sources */ = {
			isa = PBXSourcesBuildPhase;
			buildActionMask = 2147483647;
			files = (
				B5D9C1992416CB0D00EEFA9C /* TapGridUITests.swift in Sources */,
			);
			runOnlyForDeploymentPostprocessing = 0;
		};
/* End PBXSourcesBuildPhase section */

/* Begin PBXTargetDependency section */
		B5D9C18B2416CB0D00EEFA9C /* PBXTargetDependency */ = {
			isa = PBXTargetDependency;
			target = B5D9C1722416CB0800EEFA9C /* TapGrid */;
			targetProxy = B5D9C18A2416CB0D00EEFA9C /* PBXContainerItemProxy */;
		};
		B5D9C1962416CB0D00EEFA9C /* PBXTargetDependency */ = {
			isa = PBXTargetDependency;
			target = B5D9C1722416CB0800EEFA9C /* TapGrid */;
			targetProxy = B5D9C1952416CB0D00EEFA9C /* PBXContainerItemProxy */;
		};
/* End PBXTargetDependency section */

/* Begin PBXVariantGroup section */
		B5D9C17C2416CB0900EEFA9C /* Main.storyboard */ = {
			isa = PBXVariantGroup;
			children = (
				B5D9C17D2416CB0900EEFA9C /* Base */,
			);
			name = Main.storyboard;
			sourceTree = "<group>";
		};
		B5D9C1812416CB0D00EEFA9C /* LaunchScreen.storyboard */ = {
			isa = PBXVariantGroup;
			children = (
				B5D9C1822416CB0D00EEFA9C /* Base */,
			);
			name = LaunchScreen.storyboard;
			sourceTree = "<group>";
		};
/* End PBXVariantGroup section */

/* Begin XCBuildConfiguration section */
		B5D9C19B2416CB0D00EEFA9C /* Debug */ = {
			isa = XCBuildConfiguration;
			buildSettings = {
				ALWAYS_SEARCH_USER_PATHS = NO;
				CLANG_ANALYZER_NONNULL = YES;
				CLANG_ANALYZER_NUMBER_OBJECT_CONVERSION = YES_AGGRESSIVE;
				CLANG_CXX_LANGUAGE_STANDARD = "gnu++14";
				CLANG_CXX_LIBRARY = "libc++";
				CLANG_ENABLE_MODULES = YES;
				CLANG_ENABLE_OBJC_ARC = YES;
				CLANG_ENABLE_OBJC_WEAK = YES;
				CLANG_WARN_BLOCK_CAPTURE_AUTORELEASING = YES;
				CLANG_WARN_BOOL_CONVERSION = YES;
				CLANG_WARN_COMMA = YES;
				CLANG_WARN_CONSTANT_CONVERSION = YES;
				CLANG_WARN_DEPRECATED_OBJC_IMPLEMENTATIONS = YES;
				CLANG_WARN_DIRECT_OBJC_ISA_USAGE = YES_ERROR;
				CLANG_WARN_DOCUMENTATION_COMMENTS = YES;
				CLANG_WARN_EMPTY_BODY = YES;
				CLANG_WARN_ENUM_CONVERSION = YES;
				CLANG_WARN_INFINITE_RECURSION = YES;
				CLANG_WARN_INT_CONVERSION = YES;
				CLANG_WARN_NON_LITERAL_NULL_CONVERSION = YES;
				CLANG_WARN_OBJC_IMPLICIT_RETAIN_SELF = YES;
				CLANG_WARN_OBJC_LITERAL_CONVERSION = YES;
				CLANG_WARN_OBJC_ROOT_CLASS = YES_ERROR;
				CLANG_WARN_RANGE_LOOP_ANALYSIS = YES;
				CLANG_WARN_STRICT_PROTOTYPES = YES;
				CLANG_WARN_SUSPICIOUS_MOVE = YES;
				CLANG_WARN_UNGUARDED_AVAILABILITY = YES_AGGRESSIVE;
				CLANG_WARN_UNREACHABLE_CODE = YES;
				CLANG_WARN__DUPLICATE_METHOD_MATCH = YES;
				COPY_PHASE_STRIP = NO;
				DEBUG_INFORMATION_FORMAT = dwarf;
				ENABLE_STRICT_OBJC_MSGSEND = YES;
				ENABLE_TESTABILITY = YES;
				GCC_C_LANGUAGE_STANDARD = gnu11;
				GCC_DYNAMIC_NO_PIC = NO;
				GCC_NO_COMMON_BLOCKS = YES;
				GCC_OPTIMIZATION_LEVEL = 0;
				GCC_PREPROCESSOR_DEFINITIONS = (
					"DEBUG=1",
					"$(inherited)",
				);
				GCC_WARN_64_TO_32_BIT_CONVERSION = YES;
				GCC_WARN_ABOUT_RETURN_TYPE = YES_ERROR;
				GCC_WARN_UNDECLARED_SELECTOR = YES;
				GCC_WARN_UNINITIALIZED_AUTOS = YES_AGGRESSIVE;
				GCC_WARN_UNUSED_FUNCTION = YES;
				GCC_WARN_UNUSED_VARIABLE = YES;
				IPHONEOS_DEPLOYMENT_TARGET = 13.2;
				MTL_ENABLE_DEBUG_INFO = INCLUDE_SOURCE;
				MTL_FAST_MATH = YES;
				ONLY_ACTIVE_ARCH = YES;
				SDKROOT = iphoneos;
				SWIFT_ACTIVE_COMPILATION_CONDITIONS = DEBUG;
				SWIFT_OPTIMIZATION_LEVEL = "-Onone";
			};
			name = Debug;
		};
		B5D9C19C2416CB0D00EEFA9C /* Release */ = {
			isa = XCBuildConfiguration;
			buildSettings = {
				ALWAYS_SEARCH_USER_PATHS = NO;
				CLANG_ANALYZER_NONNULL = YES;
				CLANG_ANALYZER_NUMBER_OBJECT_CONVERSION = YES_AGGRESSIVE;
				CLANG_CXX_LANGUAGE_STANDARD = "gnu++14";
				CLANG_CXX_LIBRARY = "libc++";
				CLANG_ENABLE_MODULES = YES;
				CLANG_ENABLE_OBJC_ARC = YES;
				CLANG_ENABLE_OBJC_WEAK = YES;
				CLANG_WARN_BLOCK_CAPTURE_AUTORELEASING = YES;
				CLANG_WARN_BOOL_CONVERSION = YES;
				CLANG_WARN_COMMA = YES;
				CLANG_WARN_CONSTANT_CONVERSION = YES;
				CLANG_WARN_DEPRECATED_OBJC_IMPLEMENTATIONS = YES;
				CLANG_WARN_DIRECT_OBJC_ISA_USAGE = YES_ERROR;
				CLANG_WARN_DOCUMENTATION_COMMENTS = YES;
				CLANG_WARN_EMPTY_BODY = YES;
				CLANG_WARN_ENUM_CONVERSION = YES;
				CLANG_WARN_INFINITE_RECURSION = YES;
				CLANG_WARN_INT_CONVERSION = YES;
				CLANG_WARN_NON_LITERAL_NULL_CONVERSION = YES;
				CLANG_WARN_OBJC_IMPLICIT_RETAIN_SELF = YES;
				CLANG_WARN_OBJC_LITERAL_CONVERSION = YES;
				CLANG_WARN_OBJC_ROOT_CLASS = YES_ERROR;
				CLANG_WARN_RANGE_LOOP_ANALYSIS = YES;
				CLANG_WARN_STRICT_PROTOTYPES = YES;
				CLANG_WARN_SUSPICIOUS_MOVE = YES;
				CLANG_WARN_UNGUARDED_AVAILABILITY = YES_AGGRESSIVE;
				CLANG_WARN_UNREACHABLE_CODE = YES;
				CLANG_WARN__DUPLICATE_METHOD_MATCH = YES;
				COPY_PHASE_STRIP = NO;
				DEBUG_INFORMATION_FORMAT = "dwarf-with-dsym";
				ENABLE_NS_ASSERTIONS = NO;
				ENABLE_STRICT_OBJC_MSGSEND = YES;
				GCC_C_LANGUAGE_STANDARD = gnu11;
				GCC_NO_COMMON_BLOCKS = YES;
				GCC_WARN_64_TO_32_BIT_CONVERSION = YES;
				GCC_WARN_ABOUT_RETURN_TYPE = YES_ERROR;
				GCC_WARN_UNDECLARED_SELECTOR = YES;
				GCC_WARN_UNINITIALIZED_AUTOS = YES_AGGRESSIVE;
				GCC_WARN_UNUSED_FUNCTION = YES;
				GCC_WARN_UNUSED_VARIABLE = YES;
				IPHONEOS_DEPLOYMENT_TARGET = 13.2;
				MTL_ENABLE_DEBUG_INFO = NO;
				MTL_FAST_MATH = YES;
				SDKROOT = iphoneos;
				SWIFT_COMPILATION_MODE = wholemodule;
				SWIFT_OPTIMIZATION_LEVEL = "-O";
				VALIDATE_PRODUCT = YES;
			};
			name = Release;
		};
		B5D9C19E2416CB0D00EEFA9C /* Debug */ = {
			isa = XCBuildConfiguration;
			buildSettings = {
				ASSETCATALOG_COMPILER_APPICON_NAME = AppIcon;
				CODE_SIGN_STYLE = Automatic;
				INFOPLIST_FILE = TapGrid/Info.plist;
				LD_RUNPATH_SEARCH_PATHS = (
					"$(inherited)",
					"@executable_path/Frameworks",
				);
				PRODUCT_BUNDLE_IDENTIFIER = Ben.TapGrid;
				PRODUCT_NAME = "$(TARGET_NAME)";
				SWIFT_VERSION = 5.0;
				TARGETED_DEVICE_FAMILY = "1,2";
			};
			name = Debug;
		};
		B5D9C19F2416CB0D00EEFA9C /* Release */ = {
			isa = XCBuildConfiguration;
			buildSettings = {
				ASSETCATALOG_COMPILER_APPICON_NAME = AppIcon;
				CODE_SIGN_STYLE = Automatic;
				INFOPLIST_FILE = TapGrid/Info.plist;
				LD_RUNPATH_SEARCH_PATHS = (
					"$(inherited)",
					"@executable_path/Frameworks",
				);
				PRODUCT_BUNDLE_IDENTIFIER = Ben.TapGrid;
				PRODUCT_NAME = "$(TARGET_NAME)";
				SWIFT_VERSION = 5.0;
				TARGETED_DEVICE_FAMILY = "1,2";
			};
			name = Release;
		};
		B5D9C1A12416CB0D00EEFA9C /* Debug */ = {
			isa = XCBuildConfiguration;
			buildSettings = {
				ALWAYS_EMBED_SWIFT_STANDARD_LIBRARIES = YES;
				BUNDLE_LOADER = "$(TEST_HOST)";
				CODE_SIGN_STYLE = Automatic;
				INFOPLIST_FILE = TapGridTests/Info.plist;
				IPHONEOS_DEPLOYMENT_TARGET = 13.2;
				LD_RUNPATH_SEARCH_PATHS = (
					"$(inherited)",
					"@executable_path/Frameworks",
					"@loader_path/Frameworks",
				);
				PRODUCT_BUNDLE_IDENTIFIER = Ben.TapGridTests;
				PRODUCT_NAME = "$(TARGET_NAME)";
				SWIFT_VERSION = 5.0;
				TARGETED_DEVICE_FAMILY = "1,2";
				TEST_HOST = "$(BUILT_PRODUCTS_DIR)/TapGrid.app/TapGrid";
			};
			name = Debug;
		};
		B5D9C1A22416CB0D00EEFA9C /* Release */ = {
			isa = XCBuildConfiguration;
			buildSettings = {
				ALWAYS_EMBED_SWIFT_STANDARD_LIBRARIES = YES;
				BUNDLE_LOADER = "$(TEST_HOST)";
				CODE_SIGN_STYLE = Automatic;
				INFOPLIST_FILE = TapGridTests/Info.plist;
				IPHONEOS_DEPLOYMENT_TARGET = 13.2;
				LD_RUNPATH_SEARCH_PATHS = (
					"$(inherited)",
					"@executable_path/Frameworks",
					"@loader_path/Frameworks",
				);
				PRODUCT_BUNDLE_IDENTIFIER = Ben.TapGridTests;
				PRODUCT_NAME = "$(TARGET_NAME)";
				SWIFT_VERSION = 5.0;
				TARGETED_DEVICE_FAMILY = "1,2";
				TEST_HOST = "$(BUILT_PRODUCTS_DIR)/TapGrid.app/TapGrid";
			};
			name = Release;
		};
		B5D9C1A42416CB0D00EEFA9C /* Debug */ = {
			isa = XCBuildConfiguration;
			buildSettings = {
				ALWAYS_EMBED_SWIFT_STANDARD_LIBRARIES = YES;
				CODE_SIGN_STYLE = Automatic;
				INFOPLIST_FILE = TapGridUITests/Info.plist;
				LD_RUNPATH_SEARCH_PATHS = (
					"$(inherited)",
					"@executable_path/Frameworks",
					"@loader_path/Frameworks",
				);
				PRODUCT_BUNDLE_IDENTIFIER = Ben.TapGridUITests;
				PRODUCT_NAME = "$(TARGET_NAME)";
				SWIFT_VERSION = 5.0;
				TARGETED_DEVICE_FAMILY = "1,2";
				TEST_TARGET_NAME = TapGrid;
			};
			name = Debug;
		};
		B5D9C1A52416CB0D00EEFA9C /* Release */ = {
			isa = XCBuildConfiguration;
			buildSettings = {
				ALWAYS_EMBED_SWIFT_STANDARD_LIBRARIES = YES;
				CODE_SIGN_STYLE = Automatic;
				INFOPLIST_FILE = TapGridUITests/Info.plist;
				LD_RUNPATH_SEARCH_PATHS = (
					"$(inherited)",
					"@executable_path/Frameworks",
					"@loader_path/Frameworks",
				);
				PRODUCT_BUNDLE_IDENTIFIER = Ben.TapGridUITests;
				PRODUCT_NAME = "$(TARGET_NAME)";
				SWIFT_VERSION = 5.0;
				TARGETED_DEVICE_FAMILY = "1,2";
				TEST_TARGET_NAME = TapGrid;
			};
			name = Release;
		};
/* End XCBuildConfiguration section */

/* Begin XCConfigurationList section */
		B5D9C16E2416CB0800EEFA9C /* Build configuration list for PBXProject "TapGrid" */ = {
			isa = XCConfigurationList;
			buildConfigurations = (
				B5D9C19B2416CB0D00EEFA9C /* Debug */,
				B5D9C19C2416CB0D00EEFA9C /* Release */,
			);
			defaultConfigurationIsVisible = 0;
			defaultConfigurationName = Release;
		};
		B5D9C19D2416CB0D00EEFA9C /* Build configuration list for PBXNativeTarget "TapGrid" */ = {
			isa = XCConfigurationList;
			buildConfigurations = (
				B5D9C19E2416CB0D00EEFA9C /* Debug */,
				B5D9C19F2416CB0D00EEFA9C /* Release */,
			);
			defaultConfigurationIsVisible = 0;
			defaultConfigurationName = Release;
		};
		B5D9C1A02416CB0D00EEFA9C /* Build configuration list for PBXNativeTarget "TapGridTests" */ = {
			isa = XCConfigurationList;
			buildConfigurations = (
				B5D9C1A12416CB0D00EEFA9C /* Debug */,
				B5D9C1A22416CB0D00EEFA9C /* Release */,
			);
			defaultConfigurationIsVisible = 0;
			defaultConfigurationName = Release;
		};
		B5D9C1A32416CB0D00EEFA9C /* Build configuration list for PBXNativeTarget "TapGridUITests" */ = {
			isa = XCConfigurationList;
			buildConfigurations = (
				B5D9C1A42416CB0D00EEFA9C /* Debug */,
				B5D9C1A52416CB0D00EEFA9C /* Release */,
			);
			defaultConfigurationIsVisible = 0;
			defaultConfigurationName = Release;
		};
/* End XCConfigurationList section */
	};
	rootObject = B5D9C16B2416CB0800EEFA9C /* Project object */;
}
